lockfileVersion: '6.0'

settings:
  autoInstallPeers: true
  excludeLinksFromLockfile: false

devDependencies:
  mauss:
    specifier: ^0.7.1
    version: 0.7.1
  prettier:
    specifier: ^3.0.2
    version: 3.0.2
  typescript:
    specifier: ^5.1.6
    version: 5.1.6

packages:

  /mauss@0.7.1:
    resolution: {integrity: sha512-ofUS5mvmZxTaqGwEx52BtAnriPYTeQ4RPuHdNa+U5CtqxdJBNYPueH0KOWJVibfCAcARNHxL8gC0CIRyNVJNaA==}
    dev: true

  /prettier@3.0.2:
    resolution: {integrity: sha512-o2YR9qtniXvwEZlOKbveKfDQVyqxbEIWn48Z8m3ZJjBjcCmUy3xZGIv+7AkaeuaTr6yPXJjwv07ZWlsWbEy1rQ==}
    engines: {node: '>=14'}
    hasBin: true
    dev: true

  /typescript@5.1.6:
    resolution: {integrity: sha512-zaWCozRZ6DLEWAWFrVDz1H6FVXzUSfTy5FUMWsQlU8Ym5JP9eO4xkTIROFCQvhQf61z6O/G6ugw3SgAnvvm+HA==}
    engines: {node: '>=14.17'}
    hasBin: true
    dev: true
