lockfileVersion: '9.0'

settings:
  autoInstallPeers: true
  excludeLinksFromLockfile: false

importers:

  .:
    devDependencies:
      mauss:
        specifier: ^0.9.1
        version: 0.9.1
      prettier:
        specifier: ^3.5.3
        version: 3.5.3
      typescript:
        specifier: ^5.8.3
        version: 5.8.3

  workspace/prettier-plugin-sort-package-json:
    dependencies:
      prettier:
        specifier: ^3.0.0
        version: 3.5.3

packages:

  mauss@0.9.1:
    resolution: {integrity: sha512-PI/hwgR0HM/zVUG98NNKriuH3leWDtryR1yPEWC5AS3DQ4m6s4dFXgUJwlvnO4tm9S4qJbB4yOEmqAj23lEy6A==}

  prettier@3.5.3:
    resolution: {integrity: sha512-QQtaxnoDJeAkDvDKWCLiwIXkTgRhwYDEQCghU9Z6q03iyek/rxRh/2lC3HB7P8sWT2xC/y5JDctPLBIGzHKbhw==}
    engines: {node: '>=14'}
    hasBin: true

  typescript@5.8.3:
    resolution: {integrity: sha512-p1diW6TqL9L07nNxvRMM7hMMw4c5XOo/1ibL4aAIGmSAt9slTE1Xgw5KWuof2uTOvCg9BY7ZRi+GaF+7sfgPeQ==}
    engines: {node: '>=14.17'}
    hasBin: true

snapshots:

  mauss@0.9.1: {}

  prettier@3.5.3: {}

  typescript@5.8.3: {}
