lockfileVersion: '6.0'

settings:
  autoInstallPeers: true
  excludeLinksFromLockfile: false

devDependencies:
  mauss:
    specifier: ^0.6.0
    version: 0.6.0
  prettier:
    specifier: ^3.0.0
    version: 3.0.0
  typescript:
    specifier: ^5.1.6
    version: 5.1.6

packages:

  /mauss@0.6.0:
    resolution: {integrity: sha512-rBrlrXSRv9fvBOevUh+UyFWyLgi9cIlNafySv0IxbT5RgFC8h12EmXu5XtPauj3gj/5hxjmt6QvpXIGbtGVuNQ==}
    dev: true

  /prettier@3.0.0:
    resolution: {integrity: sha512-zBf5eHpwHOGPC47h0zrPyNn+eAEIdEzfywMoYn2XPi0P44Zp0tSq64rq0xAREh4auw2cJZHo9QUob+NqCQky4g==}
    engines: {node: '>=14'}
    hasBin: true
    dev: true

  /typescript@5.1.6:
    resolution: {integrity: sha512-zaWCozRZ6DLEWAWFrVDz1H6FVXzUSfTy5FUMWsQlU8Ym5JP9eO4xkTIROFCQvhQf61z6O/G6ugw3SgAnvvm+HA==}
    engines: {node: '>=14.17'}
    hasBin: true
    dev: true
